PODS:
  - LMGeocoderUniversal (1.2.2)
  - LocationInfo (1.1.1):
    - LocationInfo/AppleGeocoder (= 1.1.1)
    - LocationInfo/AppleMap (= 1.1.1)
    - LocationInfo/Core (= 1.1.1)
    - LocationInfo/LMGeocoder (= 1.1.1)
    - LocationInfo/StringConversion (= 1.1.1)
  - LocationInfo/AppleGeocoder (1.1.1):
    - LocationInfo/Core
  - LocationInfo/AppleMap (1.1.1):
    - LocationInfo/AppleGeocoder
    - LocationInfo/Core
  - LocationInfo/Core (1.1.1)
  - LocationInfo/LMGeocoder (1.1.1):
    - LMGeocoderUniversal
    - LocationInfo/AppleGeocoder
    - LocationInfo/Core
  - LocationInfo/StringConversion (1.1.1):
    - LocationInfo/Core

DEPENDENCIES:
  - LMGeocoderUniversal (~> 1.2)
  - LocationInfo (from `../`)

EXTERNAL SOURCES:
  LocationInfo:
    :path: ../

SPEC CHECKSUMS:
  LMGeocoderUniversal: c093e8d7705745179ce93ff6d3c39e666e6bea67
  LocationInfo: fd02f08982da97462ffdfa5748edf800a3e39285

PODFILE CHECKSUM: 32ce35a99582067d8691c76712915a83d9d3ce32

COCOAPODS: 1.4.0
